
Microsoft Visual Studio Solution File, Format Version 12.00
Project("{8BC9CEB8-8B4A-11D0-8D11-00A0C91BC942}") = "Learn01", "Learn01\Learn01.vcxproj", "{0C16EDD9-D512-4E92-A0E5-99FE849C1E77}"
EndProject
Project("{8BC9CEB8-8B4A-11D0-8D11-00A0C91BC942}") = "Learn02-threadlife", "Learn02-threadlife\Learn02-threadlife.vcxproj", "{6742A003-E14B-4BEB-A777-CF87AF798F82}"
EndProject
Project("{8BC9CEB8-8B4A-11D0-8D11-00A0C91BC942}") = "Learn03-createthread", "Learn03-createthread\Learn03-createthread.vcxproj", "{C1236229-AB20-485D-A997-4D257AFCB45E}"
EndProject
Project("{8BC9CEB8-8B4A-11D0-8D11-00A0C91BC942}") = "Learn04-ThreadBaseClass", "Learn04-ThreadBaseClass\Learn04-ThreadBaseClass.vcxproj", "{AC654B0F-E65B-48C9-B8C0-C19DBDB47A75}"
EndProject
Project("{8BC9CEB8-8B4A-11D0-8D11-00A0C91BC942}") = "Global", "Global\Global.vcxproj", "{0B21E9CA-D02B-4C02-AE07-20167A5C970D}"
EndProject
Project("{8BC9CEB8-8B4A-11D0-8D11-00A0C91BC942}") = "Learn05-LambdaThread", "Learn05-LambdaThread\Learn05-LambdaThread.vcxproj", "{E97E7ACC-C812-4C70-A4C6-3C3502881C8F}"
EndProject
Project("{8BC9CEB8-8B4A-11D0-8D11-00A0C91BC942}") = "Leran2-01-mutex", "Leran2-01-mutex\Leran2-01-mutex.vcxproj", "{51ED34DA-7572-4525-B082-F1C1AB8CA0DB}"
EndProject
Global
	GlobalSection(SolutionConfigurationPlatforms) = preSolution
		Debug|Win32 = Debug|Win32
		Debug|x64 = Debug|x64
		Release|Win32 = Release|Win32
		Release|x64 = Release|x64
	EndGlobalSection
	GlobalSection(ProjectConfigurationPlatforms) = postSolution
		{0C16EDD9-D512-4E92-A0E5-99FE849C1E77}.Debug|Win32.ActiveCfg = Debug|Win32
		{0C16EDD9-D512-4E92-A0E5-99FE849C1E77}.Debug|Win32.Build.0 = Debug|Win32
		{0C16EDD9-D512-4E92-A0E5-99FE849C1E77}.Debug|x64.ActiveCfg = Debug|x64
		{0C16EDD9-D512-4E92-A0E5-99FE849C1E77}.Debug|x64.Build.0 = Debug|x64
		{0C16EDD9-D512-4E92-A0E5-99FE849C1E77}.Release|Win32.ActiveCfg = Release|Win32
		{0C16EDD9-D512-4E92-A0E5-99FE849C1E77}.Release|Win32.Build.0 = Release|Win32
		{0C16EDD9-D512-4E92-A0E5-99FE849C1E77}.Release|x64.ActiveCfg = Release|x64
		{0C16EDD9-D512-4E92-A0E5-99FE849C1E77}.Release|x64.Build.0 = Release|x64
		{6742A003-E14B-4BEB-A777-CF87AF798F82}.Debug|Win32.ActiveCfg = Debug|Win32
		{6742A003-E14B-4BEB-A777-CF87AF798F82}.Debug|Win32.Build.0 = Debug|Win32
		{6742A003-E14B-4BEB-A777-CF87AF798F82}.Debug|x64.ActiveCfg = Debug|x64
		{6742A003-E14B-4BEB-A777-CF87AF798F82}.Debug|x64.Build.0 = Debug|x64
		{6742A003-E14B-4BEB-A777-CF87AF798F82}.Release|Win32.ActiveCfg = Release|Win32
		{6742A003-E14B-4BEB-A777-CF87AF798F82}.Release|Win32.Build.0 = Release|Win32
		{6742A003-E14B-4BEB-A777-CF87AF798F82}.Release|x64.ActiveCfg = Release|x64
		{6742A003-E14B-4BEB-A777-CF87AF798F82}.Release|x64.Build.0 = Release|x64
		{C1236229-AB20-485D-A997-4D257AFCB45E}.Debug|Win32.ActiveCfg = Debug|Win32
		{C1236229-AB20-485D-A997-4D257AFCB45E}.Debug|Win32.Build.0 = Debug|Win32
		{C1236229-AB20-485D-A997-4D257AFCB45E}.Debug|x64.ActiveCfg = Debug|x64
		{C1236229-AB20-485D-A997-4D257AFCB45E}.Debug|x64.Build.0 = Debug|x64
		{C1236229-AB20-485D-A997-4D257AFCB45E}.Release|Win32.ActiveCfg = Release|Win32
		{C1236229-AB20-485D-A997-4D257AFCB45E}.Release|Win32.Build.0 = Release|Win32
		{C1236229-AB20-485D-A997-4D257AFCB45E}.Release|x64.ActiveCfg = Release|x64
		{C1236229-AB20-485D-A997-4D257AFCB45E}.Release|x64.Build.0 = Release|x64
		{AC654B0F-E65B-48C9-B8C0-C19DBDB47A75}.Debug|Win32.ActiveCfg = Debug|Win32
		{AC654B0F-E65B-48C9-B8C0-C19DBDB47A75}.Debug|Win32.Build.0 = Debug|Win32
		{AC654B0F-E65B-48C9-B8C0-C19DBDB47A75}.Debug|x64.ActiveCfg = Debug|x64
		{AC654B0F-E65B-48C9-B8C0-C19DBDB47A75}.Debug|x64.Build.0 = Debug|x64
		{AC654B0F-E65B-48C9-B8C0-C19DBDB47A75}.Release|Win32.ActiveCfg = Release|Win32
		{AC654B0F-E65B-48C9-B8C0-C19DBDB47A75}.Release|Win32.Build.0 = Release|Win32
		{AC654B0F-E65B-48C9-B8C0-C19DBDB47A75}.Release|x64.ActiveCfg = Release|x64
		{AC654B0F-E65B-48C9-B8C0-C19DBDB47A75}.Release|x64.Build.0 = Release|x64
		{0B21E9CA-D02B-4C02-AE07-20167A5C970D}.Debug|Win32.ActiveCfg = Debug|Win32
		{0B21E9CA-D02B-4C02-AE07-20167A5C970D}.Debug|Win32.Build.0 = Debug|Win32
		{0B21E9CA-D02B-4C02-AE07-20167A5C970D}.Debug|x64.ActiveCfg = Debug|x64
		{0B21E9CA-D02B-4C02-AE07-20167A5C970D}.Debug|x64.Build.0 = Debug|x64
		{0B21E9CA-D02B-4C02-AE07-20167A5C970D}.Release|Win32.ActiveCfg = Release|Win32
		{0B21E9CA-D02B-4C02-AE07-20167A5C970D}.Release|Win32.Build.0 = Release|Win32
		{0B21E9CA-D02B-4C02-AE07-20167A5C970D}.Release|x64.ActiveCfg = Release|x64
		{0B21E9CA-D02B-4C02-AE07-20167A5C970D}.Release|x64.Build.0 = Release|x64
		{E97E7ACC-C812-4C70-A4C6-3C3502881C8F}.Debug|Win32.ActiveCfg = Debug|Win32
		{E97E7ACC-C812-4C70-A4C6-3C3502881C8F}.Debug|Win32.Build.0 = Debug|Win32
		{E97E7ACC-C812-4C70-A4C6-3C3502881C8F}.Debug|x64.ActiveCfg = Debug|x64
		{E97E7ACC-C812-4C70-A4C6-3C3502881C8F}.Debug|x64.Build.0 = Debug|x64
		{E97E7ACC-C812-4C70-A4C6-3C3502881C8F}.Release|Win32.ActiveCfg = Release|Win32
		{E97E7ACC-C812-4C70-A4C6-3C3502881C8F}.Release|Win32.Build.0 = Release|Win32
		{E97E7ACC-C812-4C70-A4C6-3C3502881C8F}.Release|x64.ActiveCfg = Release|x64
		{E97E7ACC-C812-4C70-A4C6-3C3502881C8F}.Release|x64.Build.0 = Release|x64
		{51ED34DA-7572-4525-B082-F1C1AB8CA0DB}.Debug|Win32.ActiveCfg = Debug|Win32
		{51ED34DA-7572-4525-B082-F1C1AB8CA0DB}.Debug|Win32.Build.0 = Debug|Win32
		{51ED34DA-7572-4525-B082-F1C1AB8CA0DB}.Debug|x64.ActiveCfg = Debug|x64
		{51ED34DA-7572-4525-B082-F1C1AB8CA0DB}.Debug|x64.Build.0 = Debug|x64
		{51ED34DA-7572-4525-B082-F1C1AB8CA0DB}.Release|Win32.ActiveCfg = Release|Win32
		{51ED34DA-7572-4525-B082-F1C1AB8CA0DB}.Release|Win32.Build.0 = Release|Win32
		{51ED34DA-7572-4525-B082-F1C1AB8CA0DB}.Release|x64.ActiveCfg = Release|x64
		{51ED34DA-7572-4525-B082-F1C1AB8CA0DB}.Release|x64.Build.0 = Release|x64
	EndGlobalSection
EndGlobal
